
Microsoft Visual Studio Solution File, Format Version 12.00
# Visual Studio 14
VisualStudioVersion = 14.0.22310.1
MinimumVisualStudioVersion = 10.0.40219.1
Project("{FAE04EC0-301F-11D3-BF4B-00C04F79EFBC}") = "RedisMediatorClient", "RedisMediatorClient\RedisMediatorClient.csproj", "{9CA2B637-D18C-40A0-9828-5AAEFDB9D066}"
EndProject
Project("{FAE04EC0-301F-11D3-BF4B-00C04F79EFBC}") = "RedisMediator.ConsoleApp", "RedisMediator.ConsoleApp\RedisMediator.ConsoleApp.csproj", "{30802BA5-5753-4487-B36E-669F676D007E}"
EndProject
Global
	GlobalSection(SolutionConfigurationPlatforms) = preSolution
		Debug|Any CPU = Debug|Any CPU
		Release|Any CPU = Release|Any CPU
	EndGlobalSection
	GlobalSection(ProjectConfigurationPlatforms) = postSolution
		{9CA2B637-D18C-40A0-9828-5AAEFDB9D066}.Debug|Any CPU.ActiveCfg = Debug|Any CPU
		{9CA2B637-D18C-40A0-9828-5AAEFDB9D066}.Debug|Any CPU.Build.0 = Debug|Any CPU
		{9CA2B637-D18C-40A0-9828-5AAEFDB9D066}.Release|Any CPU.ActiveCfg = Release|Any CPU
		{9CA2B637-D18C-40A0-9828-5AAEFDB9D066}.Release|Any CPU.Build.0 = Release|Any CPU
		{30802BA5-5753-4487-B36E-669F676D007E}.Debug|Any CPU.ActiveCfg = Debug|Any CPU
		{30802BA5-5753-4487-B36E-669F676D007E}.Debug|Any CPU.Build.0 = Debug|Any CPU
		{30802BA5-5753-4487-B36E-669F676D007E}.Release|Any CPU.ActiveCfg = Release|Any CPU
		{30802BA5-5753-4487-B36E-669F676D007E}.Release|Any CPU.Build.0 = Release|Any CPU
	EndGlobalSection
	GlobalSection(SolutionProperties) = preSolution
		HideSolutionNode = FALSE
	EndGlobalSection
EndGlobal
